
Microsoft Visual Studio Solution File, Format Version 12.00
# Visual Studio Version 16
VisualStudioVersion = 16.0.30709.132
MinimumVisualStudioVersion = 10.0.40219.1
Project("{FAE04EC0-301F-11D3-BF4B-00C04F79EFBC}") = "RabbitMQ.Samples", "RabbitMQ.Samples.csproj", "{C56F110E-70D8-4F7D-87C0-B925A7A358C9}"
EndProject
Global
	GlobalSection(SolutionConfigurationPlatforms) = preSolution
		Debug|Any CPU = Debug|Any CPU
		Release|Any CPU = Release|Any CPU
	EndGlobalSection
	GlobalSection(ProjectConfigurationPlatforms) = postSolution
		{C56F110E-70D8-4F7D-87C0-B925A7A358C9}.Debug|Any CPU.ActiveCfg = Debug|Any CPU
		{C56F110E-70D8-4F7D-87C0-B925A7A358C9}.Debug|Any CPU.Build.0 = Debug|Any CPU
		{C56F110E-70D8-4F7D-87C0-B925A7A358C9}.Release|Any CPU.ActiveCfg = Release|Any CPU
		{C56F110E-70D8-4F7D-87C0-B925A7A358C9}.Release|Any CPU.Build.0 = Release|Any CPU
	EndGlobalSection
	GlobalSection(SolutionProperties) = preSolution
		HideSolutionNode = FALSE
	EndGlobalSection
	GlobalSection(ExtensibilityGlobals) = postSolution
		SolutionGuid = {3AD43140-5FB1-4E9E-A36B-51D715BA933C}
	EndGlobalSection
EndGlobal
